
Microsoft Visual Studio Solution File, Format Version 12.00
# Visual Studio Version 17
VisualStudioVersion = 17.8.34330.188
MinimumVisualStudioVersion = 10.0.40219.1
Project("{FAE04EC0-301F-11D3-BF4B-00C04F79EFBC}") = "BlazorForms", "BlazorForms\BlazorForms.csproj", "{7DE220C9-2246-4DEE-AE9A-4440AEAC894A}"
EndProject
Project("{FAE04EC0-301F-11D3-BF4B-00C04F79EFBC}") = "BlazorForms.Client", "BlazorForms.Client\BlazorForms.Client.csproj", "{D7FBFACE-A3AB-412B-B29C-719A00E2835A}"
EndProject
Global
	GlobalSection(SolutionConfigurationPlatforms) = preSolution
		Debug|Any CPU = Debug|Any CPU
		Release|Any CPU = Release|Any CPU
	EndGlobalSection
	GlobalSection(ProjectConfigurationPlatforms) = postSolution
		{7DE220C9-2246-4DEE-AE9A-4440AEAC894A}.Debug|Any CPU.ActiveCfg = Debug|Any CPU
		{7DE220C9-2246-4DEE-AE9A-4440AEAC894A}.Debug|Any CPU.Build.0 = Debug|Any CPU
		{7DE220C9-2246-4DEE-AE9A-4440AEAC894A}.Release|Any CPU.ActiveCfg = Release|Any CPU
		{7DE220C9-2246-4DEE-AE9A-4440AEAC894A}.Release|Any CPU.Build.0 = Release|Any CPU
		{D7FBFACE-A3AB-412B-B29C-719A00E2835A}.Debug|Any CPU.ActiveCfg = Debug|Any CPU
		{D7FBFACE-A3AB-412B-B29C-719A00E2835A}.Debug|Any CPU.Build.0 = Debug|Any CPU
		{D7FBFACE-A3AB-412B-B29C-719A00E2835A}.Release|Any CPU.ActiveCfg = Release|Any CPU
		{D7FBFACE-A3AB-412B-B29C-719A00E2835A}.Release|Any CPU.Build.0 = Release|Any CPU
	EndGlobalSection
	GlobalSection(SolutionProperties) = preSolution
		HideSolutionNode = FALSE
	EndGlobalSection
	GlobalSection(ExtensibilityGlobals) = postSolution
		SolutionGuid = {CEC3C351-369B-47A6-9ED9-EA7225907630}
	EndGlobalSection
EndGlobal
